
Microsoft Visual Studio Solution File, Format Version 12.00
# Visual Studio Version 17
VisualStudioVersion = 17.7.34221.43
MinimumVisualStudioVersion = 10.0.40219.1
Project("{FAE04EC0-301F-11D3-BF4B-00C04F79EFBC}") = "Library_Management", "Library_Management.csproj", "{1EA52AFB-1366-4AA0-978F-593164DCEF57}"
EndProject
Global
	GlobalSection(SolutionConfigurationPlatforms) = preSolution
		Debug|Any CPU = Debug|Any CPU
		Release|Any CPU = Release|Any CPU
	EndGlobalSection
	GlobalSection(ProjectConfigurationPlatforms) = postSolution
		{1EA52AFB-1366-4AA0-978F-593164DCEF57}.Debug|Any CPU.ActiveCfg = Debug|Any CPU
		{1EA52AFB-1366-4AA0-978F-593164DCEF57}.Debug|Any CPU.Build.0 = Debug|Any CPU
		{1EA52AFB-1366-4AA0-978F-593164DCEF57}.Release|Any CPU.ActiveCfg = Release|Any CPU
		{1EA52AFB-1366-4AA0-978F-593164DCEF57}.Release|Any CPU.Build.0 = Release|Any CPU
	EndGlobalSection
	GlobalSection(SolutionProperties) = preSolution
		HideSolutionNode = FALSE
	EndGlobalSection
	GlobalSection(ExtensibilityGlobals) = postSolution
		SolutionGuid = {60500A8C-2B3E-47D4-8137-2977EAE5587F}
	EndGlobalSection
EndGlobal
